// !$*UTF8*$!
{
	archiveVersion = 1;
	classes = {
	};
	objectVersion = 55;
	objects = {

/* Begin PBXBuildFile section */
		C2D8223928A0122B00032CF9 /* SimpleDoApp.swift in Sources */ = {isa = PBXBuildFile; fileRef = C2D8223828A0122B00032CF9 /* SimpleDoApp.swift */; };
		C2D8223D28A0122E00032CF9 /* Assets.xcassets in Resources */ = {isa = PBXBuildFile; fileRef = C2D8223C28A0122E00032CF9 /* Assets.xcassets */; };
		C2D8224028A0122E00032CF9 /* Preview Assets.xcassets in Resources */ = {isa = PBXBuildFile; fileRef = C2D8223F28A0122E00032CF9 /* Preview Assets.xcassets */; };
		C2D8224828A013D600032CF9 /* ListView.swift in Sources */ = {isa = PBXBuildFile; fileRef = C2D8224728A013D600032CF9 /* ListView.swift */; };
		C2D8224A28A016A000032CF9 /* ListRowView.swift in Sources */ = {isa = PBXBuildFile; fileRef = C2D8224928A016A000032CF9 /* ListRowView.swift */; };
		C2D8224C28A0194600032CF9 /* AddView.swift in Sources */ = {isa = PBXBuildFile; fileRef = C2D8224B28A0194600032CF9 /* AddView.swift */; };
		C2D8224F28A02A9A00032CF9 /* ItemModel.swift in Sources */ = {isa = PBXBuildFile; fileRef = C2D8224E28A02A9A00032CF9 /* ItemModel.swift */; };
		C2D8225228A0C89500032CF9 /* ListViewModel.swift in Sources */ = {isa = PBXBuildFile; fileRef = C2D8225128A0C89500032CF9 /* ListViewModel.swift */; };
		C2D8225428A118C500032CF9 /* LaunchScreen.storyboard in Resources */ = {isa = PBXBuildFile; fileRef = C2D8225328A118C500032CF9 /* LaunchScreen.storyboard */; };
		C2D8225628A1785200032CF9 /* NoItemsView.swift in Sources */ = {isa = PBXBuildFile; fileRef = C2D8225528A1785200032CF9 /* NoItemsView.swift */; };
/* End PBXBuildFile section */

/* Begin PBXFileReference section */
		C2D8223528A0122B00032CF9 /* SimpleDo.app */ = {isa = PBXFileReference; explicitFileType = wrapper.application; includeInIndex = 0; path = SimpleDo.app; sourceTree = BUILT_PRODUCTS_DIR; };
		C2D8223828A0122B00032CF9 /* SimpleDoApp.swift */ = {isa = PBXFileReference; lastKnownFileType = sourcecode.swift; path = SimpleDoApp.swift; sourceTree = "<group>"; };
		C2D8223C28A0122E00032CF9 /* Assets.xcassets */ = {isa = PBXFileReference; lastKnownFileType = folder.assetcatalog; path = Assets.xcassets; sourceTree = "<group>"; };
		C2D8223F28A0122E00032CF9 /* Preview Assets.xcassets */ = {isa = PBXFileReference; lastKnownFileType = folder.assetcatalog; path = "Preview Assets.xcassets"; sourceTree = "<group>"; };
		C2D8224728A013D600032CF9 /* ListView.swift */ = {isa = PBXFileReference; lastKnownFileType = sourcecode.swift; path = ListView.swift; sourceTree = "<group>"; };
		C2D8224928A016A000032CF9 /* ListRowView.swift */ = {isa = PBXFileReference; lastKnownFileType = sourcecode.swift; path = ListRowView.swift; sourceTree = "<group>"; };
		C2D8224B28A0194600032CF9 /* AddView.swift */ = {isa = PBXFileReference; lastKnownFileType = sourcecode.swift; path = AddView.swift; sourceTree = "<group>"; };
		C2D8224E28A02A9A00032CF9 /* ItemModel.swift */ = {isa = PBXFileReference; lastKnownFileType = sourcecode.swift; path = ItemModel.swift; sourceTree = "<group>"; };
		C2D8225128A0C89500032CF9 /* ListViewModel.swift */ = {isa = PBXFileReference; lastKnownFileType = sourcecode.swift; path = ListViewModel.swift; sourceTree = "<group>"; };
		C2D8225328A118C500032CF9 /* LaunchScreen.storyboard */ = {isa = PBXFileReference; lastKnownFileType = file.storyboard; path = LaunchScreen.storyboard; sourceTree = "<group>"; };
		C2D8225528A1785200032CF9 /* NoItemsView.swift */ = {isa = PBXFileReference; lastKnownFileType = sourcecode.swift; path = NoItemsView.swift; sourceTree = "<group>"; };
/* End PBXFileReference section */

/* Begin PBXFrameworksBuildPhase section */
		C2D8223228A0122B00032CF9 /* Frameworks */ = {
			isa = PBXFrameworksBuildPhase;
			buildActionMask = 2147483647;
			files = (
			);
			runOnlyForDeploymentPostprocessing = 0;
		};
/* End PBXFrameworksBuildPhase section */

/* Begin PBXGroup section */
		C2D8222C28A0122B00032CF9 = {
			isa = PBXGroup;
			children = (
				C2D8223728A0122B00032CF9 /* SimpleDo */,
				C2D8223628A0122B00032CF9 /* Products */,
			);
			sourceTree = "<group>";
		};
		C2D8223628A0122B00032CF9 /* Products */ = {
			isa = PBXGroup;
			children = (
				C2D8223528A0122B00032CF9 /* SimpleDo.app */,
			);
			name = Products;
			sourceTree = "<group>";
		};
		C2D8223728A0122B00032CF9 /* SimpleDo */ = {
			isa = PBXGroup;
			children = (
				C2D8223828A0122B00032CF9 /* SimpleDoApp.swift */,
				C2D8224D28A02A5200032CF9 /* Model */,
				C2D8225028A0C7B700032CF9 /* ViewModel */,
				C2D8224628A0130E00032CF9 /* View */,
				C2D8223C28A0122E00032CF9 /* Assets.xcassets */,
				C2D8223E28A0122E00032CF9 /* Preview Content */,
				C2D8225328A118C500032CF9 /* LaunchScreen.storyboard */,
			);
			path = SimpleDo;
			sourceTree = "<group>";
		};
		C2D8223E28A0122E00032CF9 /* Preview Content */ = {
			isa = PBXGroup;
			children = (
				C2D8223F28A0122E00032CF9 /* Preview Assets.xcassets */,
			);
			path = "Preview Content";
			sourceTree = "<group>";
		};
		C2D8224628A0130E00032CF9 /* View */ = {
			isa = PBXGroup;
			children = (
				C2D8224728A013D600032CF9 /* ListView.swift */,
				C2D8224928A016A000032CF9 /* ListRowView.swift */,
				C2D8224B28A0194600032CF9 /* AddView.swift */,
				C2D8225528A1785200032CF9 /* NoItemsView.swift */,
			);
			path = View;
			sourceTree = "<group>";
		};
		C2D8224D28A02A5200032CF9 /* Model */ = {
			isa = PBXGroup;
			children = (
				C2D8224E28A02A9A00032CF9 /* ItemModel.swift */,
			);
			path = Model;
			sourceTree = "<group>";
		};
		C2D8225028A0C7B700032CF9 /* ViewModel */ = {
			isa = PBXGroup;
			children = (
				C2D8225128A0C89500032CF9 /* ListViewModel.swift */,
			);
			path = ViewModel;
			sourceTree = "<group>";
		};
/* End PBXGroup section */

/* Begin PBXNativeTarget section */
		C2D8223428A0122B00032CF9 /* SimpleDo */ = {
			isa = PBXNativeTarget;
			buildConfigurationList = C2D8224328A0122E00032CF9 /* Build configuration list for PBXNativeTarget "SimpleDo" */;
			buildPhases = (
				C2D8223128A0122B00032CF9 /* Sources */,
				C2D8223228A0122B00032CF9 /* Frameworks */,
				C2D8223328A0122B00032CF9 /* Resources */,
			);
			buildRules = (
			);
			dependencies = (
			);
			name = SimpleDo;
			productName = SimpleDo;
			productReference = C2D8223528A0122B00032CF9 /* SimpleDo.app */;
			productType = "com.apple.product-type.application";
		};
/* End PBXNativeTarget section */

/* Begin PBXProject section */
		C2D8222D28A0122B00032CF9 /* Project object */ = {
			isa = PBXProject;
			attributes = {
				BuildIndependentTargetsInParallel = 1;
				LastSwiftUpdateCheck = 1340;
				LastUpgradeCheck = 1340;
				TargetAttributes = {
					C2D8223428A0122B00032CF9 = {
						CreatedOnToolsVersion = 13.4.1;
					};
				};
			};
			buildConfigurationList = C2D8223028A0122B00032CF9 /* Build configuration list for PBXProject "SimpleDo" */;
			compatibilityVersion = "Xcode 13.0";
			developmentRegion = en;
			hasScannedForEncodings = 0;
			knownRegions = (
				en,
				Base,
			);
			mainGroup = C2D8222C28A0122B00032CF9;
			productRefGroup = C2D8223628A0122B00032CF9 /* Products */;
			projectDirPath = "";
			projectRoot = "";
			targets = (
				C2D8223428A0122B00032CF9 /* SimpleDo */,
			);
		};
/* End PBXProject section */

/* Begin PBXResourcesBuildPhase section */
		C2D8223328A0122B00032CF9 /* Resources */ = {
			isa = PBXResourcesBuildPhase;
			buildActionMask = 2147483647;
			files = (
				C2D8225428A118C500032CF9 /* LaunchScreen.storyboard in Resources */,
				C2D8224028A0122E00032CF9 /* Preview Assets.xcassets in Resources */,
				C2D8223D28A0122E00032CF9 /* Assets.xcassets in Resources */,
			);
			runOnlyForDeploymentPostprocessing = 0;
		};
/* End PBXResourcesBuildPhase section */

/* Begin PBXSourcesBuildPhase section */
		C2D8223128A0122B00032CF9 /* Sources */ = {
			isa = PBXSourcesBuildPhase;
			buildActionMask = 2147483647;
			files = (
				C2D8224F28A02A9A00032CF9 /* ItemModel.swift in Sources */,
				C2D8224C28A0194600032CF9 /* AddView.swift in Sources */,
				C2D8225228A0C89500032CF9 /* ListViewModel.swift in Sources */,
				C2D8223928A0122B00032CF9 /* SimpleDoApp.swift in Sources */,
				C2D8224828A013D600032CF9 /* ListView.swift in Sources */,
				C2D8225628A1785200032CF9 /* NoItemsView.swift in Sources */,
				C2D8224A28A016A000032CF9 /* ListRowView.swift in Sources */,
			);
			runOnlyForDeploymentPostprocessing = 0;
		};
/* End PBXSourcesBuildPhase section */

/* Begin XCBuildConfiguration section */
		C2D8224128A0122E00032CF9 /* Debug */ = {
			isa = XCBuildConfiguration;
			buildSettings = {
				ALWAYS_SEARCH_USER_PATHS = NO;
				CLANG_ANALYZER_NONNULL = YES;
				CLANG_ANALYZER_NUMBER_OBJECT_CONVERSION = YES_AGGRESSIVE;
				CLANG_CXX_LANGUAGE_STANDARD = "gnu++17";
				CLANG_ENABLE_MODULES = YES;
				CLANG_ENABLE_OBJC_ARC = YES;
				CLANG_ENABLE_OBJC_WEAK = YES;
				CLANG_WARN_BLOCK_CAPTURE_AUTORELEASING = YES;
				CLANG_WARN_BOOL_CONVERSION = YES;
				CLANG_WARN_COMMA = YES;
				CLANG_WARN_CONSTANT_CONVERSION = YES;
				CLANG_WARN_DEPRECATED_OBJC_IMPLEMENTATIONS = YES;
				CLANG_WARN_DIRECT_OBJC_ISA_USAGE = YES_ERROR;
				CLANG_WARN_DOCUMENTATION_COMMENTS = YES;
				CLANG_WARN_EMPTY_BODY = YES;
				CLANG_WARN_ENUM_CONVERSION = YES;
				CLANG_WARN_INFINITE_RECURSION = YES;
				CLANG_WARN_INT_CONVERSION = YES;
				CLANG_WARN_NON_LITERAL_NULL_CONVERSION = YES;
				CLANG_WARN_OBJC_IMPLICIT_RETAIN_SELF = YES;
				CLANG_WARN_OBJC_LITERAL_CONVERSION = YES;
				CLANG_WARN_OBJC_ROOT_CLASS = YES_ERROR;
				CLANG_WARN_QUOTED_INCLUDE_IN_FRAMEWORK_HEADER = YES;
				CLANG_WARN_RANGE_LOOP_ANALYSIS = YES;
				CLANG_WARN_STRICT_PROTOTYPES = YES;
				CLANG_WARN_SUSPICIOUS_MOVE = YES;
				CLANG_WARN_UNGUARDED_AVAILABILITY = YES_AGGRESSIVE;
				CLANG_WARN_UNREACHABLE_CODE = YES;
				CLANG_WARN__DUPLICATE_METHOD_MATCH = YES;
				COPY_PHASE_STRIP = NO;
				DEBUG_INFORMATION_FORMAT = dwarf;
				ENABLE_STRICT_OBJC_MSGSEND = YES;
				ENABLE_TESTABILITY = YES;
				GCC_C_LANGUAGE_STANDARD = gnu11;
				GCC_DYNAMIC_NO_PIC = NO;
				GCC_NO_COMMON_BLOCKS = YES;
				GCC_OPTIMIZATION_LEVEL = 0;
				GCC_PREPROCESSOR_DEFINITIONS = (
					"DEBUG=1",
					"$(inherited)",
				);
				GCC_WARN_64_TO_32_BIT_CONVERSION = YES;
				GCC_WARN_ABOUT_RETURN_TYPE = YES_ERROR;
				GCC_WARN_UNDECLARED_SELECTOR = YES;
				GCC_WARN_UNINITIALIZED_AUTOS = YES_AGGRESSIVE;
				GCC_WARN_UNUSED_FUNCTION = YES;
				GCC_WARN_UNUSED_VARIABLE = YES;
				IPHONEOS_DEPLOYMENT_TARGET = 15.5;
				MTL_ENABLE_DEBUG_INFO = INCLUDE_SOURCE;
				MTL_FAST_MATH = YES;
				ONLY_ACTIVE_ARCH = YES;
				SDKROOT = iphoneos;
				SWIFT_ACTIVE_COMPILATION_CONDITIONS = DEBUG;
				SWIFT_OPTIMIZATION_LEVEL = "-Onone";
			};
			name = Debug;
		};
		C2D8224228A0122E00032CF9 /* Release */ = {
			isa = XCBuildConfiguration;
			buildSettings = {
				ALWAYS_SEARCH_USER_PATHS = NO;
				CLANG_ANALYZER_NONNULL = YES;
				CLANG_ANALYZER_NUMBER_OBJECT_CONVERSION = YES_AGGRESSIVE;
				CLANG_CXX_LANGUAGE_STANDARD = "gnu++17";
				CLANG_ENABLE_MODULES = YES;
				CLANG_ENABLE_OBJC_ARC = YES;
				CLANG_ENABLE_OBJC_WEAK = YES;
				CLANG_WARN_BLOCK_CAPTURE_AUTORELEASING = YES;
				CLANG_WARN_BOOL_CONVERSION = YES;
				CLANG_WARN_COMMA = YES;
				CLANG_WARN_CONSTANT_CONVERSION = YES;
				CLANG_WARN_DEPRECATED_OBJC_IMPLEMENTATIONS = YES;
				CLANG_WARN_DIRECT_OBJC_ISA_USAGE = YES_ERROR;
				CLANG_WARN_DOCUMENTATION_COMMENTS = YES;
				CLANG_WARN_EMPTY_BODY = YES;
				CLANG_WARN_ENUM_CONVERSION = YES;
				CLANG_WARN_INFINITE_RECURSION = YES;
				CLANG_WARN_INT_CONVERSION = YES;
				CLANG_WARN_NON_LITERAL_NULL_CONVERSION = YES;
				CLANG_WARN_OBJC_IMPLICIT_RETAIN_SELF = YES;
				CLANG_WARN_OBJC_LITERAL_CONVERSION = YES;
				CLANG_WARN_OBJC_ROOT_CLASS = YES_ERROR;
				CLANG_WARN_QUOTED_INCLUDE_IN_FRAMEWORK_HEADER = YES;
				CLANG_WARN_RANGE_LOOP_ANALYSIS = YES;
				CLANG_WARN_STRICT_PROTOTYPES = YES;
				CLANG_WARN_SUSPICIOUS_MOVE = YES;
				CLANG_WARN_UNGUARDED_AVAILABILITY = YES_AGGRESSIVE;
				CLANG_WARN_UNREACHABLE_CODE = YES;
				CLANG_WARN__DUPLICATE_METHOD_MATCH = YES;
				COPY_PHASE_STRIP = NO;
				DEBUG_INFORMATION_FORMAT = "dwarf-with-dsym";
				ENABLE_NS_ASSERTIONS = NO;
				ENABLE_STRICT_OBJC_MSGSEND = YES;
				GCC_C_LANGUAGE_STANDARD = gnu11;
				GCC_NO_COMMON_BLOCKS = YES;
				GCC_WARN_64_TO_32_BIT_CONVERSION = YES;
				GCC_WARN_ABOUT_RETURN_TYPE = YES_ERROR;
				GCC_WARN_UNDECLARED_SELECTOR = YES;
				GCC_WARN_UNINITIALIZED_AUTOS = YES_AGGRESSIVE;
				GCC_WARN_UNUSED_FUNCTION = YES;
				GCC_WARN_UNUSED_VARIABLE = YES;
				IPHONEOS_DEPLOYMENT_TARGET = 15.5;
				MTL_ENABLE_DEBUG_INFO = NO;
				MTL_FAST_MATH = YES;
				SDKROOT = iphoneos;
				SWIFT_COMPILATION_MODE = wholemodule;
				SWIFT_OPTIMIZATION_LEVEL = "-O";
				VALIDATE_PRODUCT = YES;
			};
			name = Release;
		};
		C2D8224428A0122E00032CF9 /* Debug */ = {
			isa = XCBuildConfiguration;
			buildSettings = {
				ASSETCATALOG_COMPILER_APPICON_NAME = AppIcon;
				ASSETCATALOG_COMPILER_GLOBAL_ACCENT_COLOR_NAME = AccentColor;
				CODE_SIGN_STYLE = Automatic;
				CURRENT_PROJECT_VERSION = 1;
				DEVELOPMENT_ASSET_PATHS = "\"SimpleDo/Preview Content\"";
				DEVELOPMENT_TEAM = BKVX2LKXJH;
				ENABLE_PREVIEWS = YES;
				GENERATE_INFOPLIST_FILE = YES;
				INFOPLIST_KEY_UIApplicationSceneManifest_Generation = YES;
				INFOPLIST_KEY_UIApplicationSupportsIndirectInputEvents = YES;
				INFOPLIST_KEY_UILaunchScreen_Generation = YES;
				INFOPLIST_KEY_UILaunchStoryboardName = LaunchScreen;
				INFOPLIST_KEY_UISupportedInterfaceOrientations_iPad = "UIInterfaceOrientationPortrait UIInterfaceOrientationPortraitUpsideDown UIInterfaceOrientationLandscapeLeft UIInterfaceOrientationLandscapeRight";
				INFOPLIST_KEY_UISupportedInterfaceOrientations_iPhone = "UIInterfaceOrientationPortrait UIInterfaceOrientationLandscapeLeft UIInterfaceOrientationLandscapeRight";
				LD_RUNPATH_SEARCH_PATHS = (
					"$(inherited)",
					"@executable_path/Frameworks",
				);
				MARKETING_VERSION = 1.0;
				PRODUCT_BUNDLE_IDENTIFIER = com.mid.SimpleDo;
				PRODUCT_NAME = "$(TARGET_NAME)";
				SWIFT_EMIT_LOC_STRINGS = YES;
				SWIFT_VERSION = 5.0;
				TARGETED_DEVICE_FAMILY = "1,2";
			};
			name = Debug;
		};
		C2D8224528A0122E00032CF9 /* Release */ = {
			isa = XCBuildConfiguration;
			buildSettings = {
				ASSETCATALOG_COMPILER_APPICON_NAME = AppIcon;
				ASSETCATALOG_COMPILER_GLOBAL_ACCENT_COLOR_NAME = AccentColor;
				CODE_SIGN_STYLE = Automatic;
				CURRENT_PROJECT_VERSION = 1;
				DEVELOPMENT_ASSET_PATHS = "\"SimpleDo/Preview Content\"";
				DEVELOPMENT_TEAM = BKVX2LKXJH;
				ENABLE_PREVIEWS = YES;
				GENERATE_INFOPLIST_FILE = YES;
				INFOPLIST_KEY_UIApplicationSceneManifest_Generation = YES;
				INFOPLIST_KEY_UIApplicationSupportsIndirectInputEvents = YES;
				INFOPLIST_KEY_UILaunchScreen_Generation = YES;
				INFOPLIST_KEY_UILaunchStoryboardName = LaunchScreen;
				INFOPLIST_KEY_UISupportedInterfaceOrientations_iPad = "UIInterfaceOrientationPortrait UIInterfaceOrientationPortraitUpsideDown UIInterfaceOrientationLandscapeLeft UIInterfaceOrientationLandscapeRight";
				INFOPLIST_KEY_UISupportedInterfaceOrientations_iPhone = "UIInterfaceOrientationPortrait UIInterfaceOrientationLandscapeLeft UIInterfaceOrientationLandscapeRight";
				LD_RUNPATH_SEARCH_PATHS = (
					"$(inherited)",
					"@executable_path/Frameworks",
				);
				MARKETING_VERSION = 1.0;
				PRODUCT_BUNDLE_IDENTIFIER = com.mid.SimpleDo;
				PRODUCT_NAME = "$(TARGET_NAME)";
				SWIFT_EMIT_LOC_STRINGS = YES;
				SWIFT_VERSION = 5.0;
				TARGETED_DEVICE_FAMILY = "1,2";
			};
			name = Release;
		};
/* End XCBuildConfiguration section */

/* Begin XCConfigurationList section */
		C2D8223028A0122B00032CF9 /* Build configuration list for PBXProject "SimpleDo" */ = {
			isa = XCConfigurationList;
			buildConfigurations = (
				C2D8224128A0122E00032CF9 /* Debug */,
				C2D8224228A0122E00032CF9 /* Release */,
			);
			defaultConfigurationIsVisible = 0;
			defaultConfigurationName = Release;
		};
		C2D8224328A0122E00032CF9 /* Build configuration list for PBXNativeTarget "SimpleDo" */ = {
			isa = XCConfigurationList;
			buildConfigurations = (
				C2D8224428A0122E00032CF9 /* Debug */,
				C2D8224528A0122E00032CF9 /* Release */,
			);
			defaultConfigurationIsVisible = 0;
			defaultConfigurationName = Release;
		};
/* End XCConfigurationList section */
	};
	rootObject = C2D8222D28A0122B00032CF9 /* Project object */;
}
